{
    "_meta": {
        "hash": {
            "sha256": "89606a68196987fd3804eab85adef7ed0fd3ddc2a9dc5dfca68608046a14b873"
        },
        "requires": {},
        "sources": [
            {
                "url": "https://pypi.python.org/simple",
                "verify_ssl": true
            }
        ]
    },
    "default": {
        "Babel": {
            "hash": "sha256:3318ed2960240d61cbc6558858ee00c10eed77a6508c4d1ed8e6f7f48399c975",
            "version": "==2.3.4"
        },
        "Flask": {
            "hash": "sha256:7f03bb2c255452444f7265eddb51601806e5447b6f8a2d50bbc77a654a14c118",
            "version": "==0.12"
        },
        "Flask-Babel": {
            "hash": "sha256:d29b36c399e42e98bc9401c8c1c159f2befcb8c12a2a2a87ec49ad7623036899",
            "version": "==0.11.1"
        },
        "Jinja2": {
            "hash": "sha256:a7b7438120dbe76a8e735ef7eba6048eaf4e0b7dbc530e100812f8ec462a4d50",
            "version": "==2.9.5"
        },
        "MarkupSafe": {
            "hash": "sha256:a6be69091dac236ea9c6bc7d012beab42010fa914c459791d627dad4910eb665",
            "version": "==1.0"
        },
        "Werkzeug": {
            "hash": "sha256:918322630c58fa52b89e14c45de3ad78514e18928dac726060bb89cd647f6b83",
            "version": "==0.12.1"
        },
        "click": {
            "hash": "sha256:29f99fc6125fbc931b758dc053b3114e55c77a6e4c6c3a2674a2dc986016381d",
            "version": "==6.7"
        },
        "envparse": {
            "hash": "sha256:4f3b9a27bb55d27f124eb4adf006fec05e4588891c9a054a183a112645056eb7",
            "version": "==0.2.0"
        },
        "gunicorn": {
            "hash": "sha256:7b48e797990b7972862bf93c7eec637efb391217485920e6fa5f509376d94727",
            "version": "==19.7.0"
        },
        "itsdangerous": {
            "hash": "sha256:cbb3fcf8d3e33df861709ecaf89d9e6629cff0a217bc2848f1b41cd30d360519",
            "version": "==0.24"
        },
        "pytz": {
            "hash": "sha256:a1ea35e87a63c7825846d5b5c81d23d668e8a102d3b1b465ce95afe1b3a2e065",
            "version": "==2016.10"
        }
    },
    "develop": {
        "Flask": {
            "hash": "sha256:7f03bb2c255452444f7265eddb51601806e5447b6f8a2d50bbc77a654a14c118",
            "version": "==0.12"
        },
        "Flask-DebugToolbar": {
            "hash": "sha256:3d9657bc0c3633ace429e3ff451742bb59d1b7a7b95c9eb23a65ac9be2812959",
            "version": "==0.10.1"
        },
        "Jinja2": {
            "hash": "sha256:a7b7438120dbe76a8e735ef7eba6048eaf4e0b7dbc530e100812f8ec462a4d50",
            "version": "==2.9.5"
        },
        "MarkupSafe": {
            "hash": "sha256:a6be69091dac236ea9c6bc7d012beab42010fa914c459791d627dad4910eb665",
            "version": "==1.0"
        },
        "Pygments": {
            "hash": "sha256:78f3f434bcc5d6ee09020f92ba487f95ba50f1e3ef83ae96b9d5ffa1bab25c5d",
            "version": "==2.2.0"
        },
        "WebOb": {
            "hash": "sha256:a365afb4e0202aa0d4887258d098d321851c95625d420f568292c98760dba8c9",
            "version": "==1.7.2"
        },
        "WebTest": {
            "hash": "sha256:a4c02755ec5b812e32d9244e55cdab49df893593a52346ccb32c7534bb9e3775",
            "version": "==2.0.27"
        },
        "Werkzeug": {
            "hash": "sha256:918322630c58fa52b89e14c45de3ad78514e18928dac726060bb89cd647f6b83",
            "version": "==0.12.1"
        },
        "appdirs": {
            "hash": "sha256:d8b24664561d0d34ddfaec54636d502d7cea6e29c3eaf68f3df6180863e2166e",
            "version": "==1.4.3"
        },
        "beautifulsoup4": {
            "hash": "sha256:0a91347d5a4ab2196407ff4d3d758f2e712cae9bdfa3fd1eb0f83edea95e0d8d",
            "version": "==4.5.3"
        },
        "blinker": {
            "hash": "sha256:471aee25f3992bd325afa3772f1063dbdbbca947a041b8b89466dc00d606f8b6",
            "version": "==1.4"
        },
        "click": {
            "hash": "sha256:29f99fc6125fbc931b758dc053b3114e55c77a6e4c6c3a2674a2dc986016381d",
            "version": "==6.7"
        },
        "fancycompleter": {
            "hash": "sha256:5044bf91766dde3addfea81aaf36bacce89e1a872a10567f57e51f981c531eb7",
            "version": "==0.7"
        },
        "honcho": {
            "hash": "sha256:502887f3ee7897e9e3f22edb57c52cb69391006f54a81a93c0f366b19c084d09",
            "version": "==0.7.1"
        },
        "itsdangerous": {
            "hash": "sha256:cbb3fcf8d3e33df861709ecaf89d9e6629cff0a217bc2848f1b41cd30d360519",
            "version": "==0.24"
        },
        "ordereddict": {
            "hash": "sha256:1c35b4ac206cef2d24816c89f89cf289dd3d38cf7c449bb3fab7bf6d43f01b1f",
            "version": "==1.1"
        },
        "packaging": {
            "hash": "sha256:99276dc6e3a7851f32027a68f1095cd3f77c148091b092ea867a351811cfe388",
            "version": "==16.8"
        },
        "pdbpp": {
            "hash": "sha256:b5daeaefebc8e940d696757365d3e15e57617936fd4fa93160dd36f1dd584516",
            "version": "==0.8.3"
        },
        "py": {
            "hash": "sha256:81b5e37db3cc1052de438375605fb5d3b3e97f950f415f9143f04697c684d7eb",
            "version": "==1.4.33"
        },
        "pyparsing": {
            "hash": "sha256:fee43f17a9c4087e7ed1605bd6df994c6173c1e977d7ade7b651292fab2bd010",
            "version": "==2.2.0"
        },
        "pytest": {
            "hash": "sha256:66f332ae62593b874a648b10a8cb106bfdacd2c6288ed7dec3713c3a808a6017",
            "version": "==3.0.7"
        },
        "pytest-sugar": {
            "hash": "sha256:439c7303ef6d008e7ce459c9b49d7175930a83798b968e3acdc7a99cc4133a43",
            "version": "==0.8.0"
        },
        "setuptools": {
            "hash": "sha256:6483f8412313ec787fa71379147a4605d3b1cc303c3648d02542a9160d3db72b",
            "version": "==34.3.2"
        },
        "six": {
            "hash": "sha256:0ff78c403d9bccf5a425a6d31a12aa6b47f1c21ca4dc2573a7e2f32a97335eb1",
            "version": "==1.10.0"
        },
        "termcolor": {
            "hash": "sha256:1d6d69ce66211143803fbc56652b41d73b4a400a2891d7bf7a1cdf4c02de613b",
            "version": "==1.1.0"
        },
        "waitress": {
            "hash": "sha256:d00e6c533c0fba6b3cbc7f1f1fcf037c84ee47b3065ce20c2c2d55e3eaf3b063",
            "version": "==1.0.2"
        },
        "wmctrl": {
            "hash": "sha256:d806f65ac1554366b6e31d29d7be2e8893996c0acbb2824bbf2b1f49cf628a13",
            "version": "==0.3"
        }
    }
}
